// !$*UTF8*$!
{
	archiveVersion = 1;
	classes = {
	};
	objectVersion = 56;
	objects = {

/* Begin PBXBuildFile section */
		C01 /* AppDelegate.swift in Sources */ = {isa = PBXBuildFile; fileRef = F01 /* AppDelegate.swift */; };
		C02 /* SceneDelegate.swift in Sources */ = {isa = PBXBuildFile; fileRef = F02 /* SceneDelegate.swift */; };
		C03 /* ViewController.swift in Sources */ = {isa = PBXBuildFile; fileRef = F03 /* ViewController.swift */; };
		C04 /* DataManager.swift in Sources */ = {isa = PBXBuildFile; fileRef = F04 /* DataManager.swift */; };
		C05 /* AudioSessionManager.swift in Sources */ = {isa = PBXBuildFile; fileRef = F05 /* AudioSessionManager.swift */; };
		C06 /* AudioRecordingManager.swift in Sources */ = {isa = PBXBuildFile; fileRef = F06 /* AudioRecordingManager.swift */; };
		C07 /* AudioFileManager.swift in Sources */ = {isa = PBXBuildFile; fileRef = F07 /* AudioFileManager.swift */; };
		C08 /* Main.storyboard in Resources */ = {isa = PBXBuildFile; fileRef = F08 /* Main.storyboard */; };
		C09 /* LaunchScreen.storyboard in Resources */ = {isa = PBXBuildFile; fileRef = F09 /* LaunchScreen.storyboard */; };
		C10 /* Assets.xcassets in Resources */ = {isa = PBXBuildFile; fileRef = F10 /* Assets.xcassets */; };
		C11 /* Voxx.xcdatamodeld in Sources */ = {isa = PBXBuildFile; fileRef = F11 /* Voxx.xcdatamodeld */; };
		C12 /* AudioPlayerManager.swift in Sources */ = {isa = PBXBuildFile; fileRef = F13 /* AudioPlayerManager.swift */; };
		C13 /* IntegrationManager.swift in Sources */ = {isa = PBXBuildFile; fileRef = F14 /* IntegrationManager.swift */; };
		C14 /* ErrorManager.swift in Sources */ = {isa = PBXBuildFile; fileRef = F15 /* ErrorManager.swift */; };
		C15 /* OpenAIManager.swift in Sources */ = {isa = PBXBuildFile; fileRef = F16 /* OpenAIManager.swift */; };
		C16 /* Config.swift in Sources */ = {isa = PBXBuildFile; fileRef = F17 /* Config.swift */; };
		C17 /* CategoryManager.swift in Sources */ = {isa = PBXBuildFile; fileRef = F18 /* CategoryManager.swift */; };
		C18 /* TagManager.swift in Sources */ = {isa = PBXBuildFile; fileRef = F19 /* TagManager.swift */; };
		C19 /* EntryDetailsViewController.swift in Sources */ = {isa = PBXBuildFile; fileRef = F20 /* EntryDetailsViewController.swift */; };
/* End PBXBuildFile section */

/* Begin PBXFileReference section */
		APP /* Voxx.app */ = {isa = PBXFileReference; explicitFileType = wrapper.application; includeInIndex = 0; path = Voxx.app; sourceTree = BUILT_PRODUCTS_DIR; };
		F01 /* AppDelegate.swift */ = {isa = PBXFileReference; lastKnownFileType = sourcecode.swift; path = AppDelegate.swift; sourceTree = "<group>"; };
		F02 /* SceneDelegate.swift */ = {isa = PBXFileReference; lastKnownFileType = sourcecode.swift; path = SceneDelegate.swift; sourceTree = "<group>"; };
		F03 /* ViewController.swift */ = {isa = PBXFileReference; lastKnownFileType = sourcecode.swift; path = ViewController.swift; sourceTree = "<group>"; };
		F04 /* DataManager.swift */ = {isa = PBXFileReference; lastKnownFileType = sourcecode.swift; path = DataManager.swift; sourceTree = "<group>"; };
		F05 /* AudioSessionManager.swift */ = {isa = PBXFileReference; lastKnownFileType = sourcecode.swift; path = AudioSessionManager.swift; sourceTree = "<group>"; };
		F06 /* AudioRecordingManager.swift */ = {isa = PBXFileReference; lastKnownFileType = sourcecode.swift; path = AudioRecordingManager.swift; sourceTree = "<group>"; };
		F07 /* AudioFileManager.swift */ = {isa = PBXFileReference; lastKnownFileType = sourcecode.swift; path = AudioFileManager.swift; sourceTree = "<group>"; };
		F08 /* Main.storyboard */ = {isa = PBXFileReference; lastKnownFileType = file.storyboard; name = Main.storyboard; path = Base.lproj/Main.storyboard; sourceTree = "<group>"; };
		F09 /* LaunchScreen.storyboard */ = {isa = PBXFileReference; lastKnownFileType = file.storyboard; name = LaunchScreen.storyboard; path = Base.lproj/LaunchScreen.storyboard; sourceTree = "<group>"; };
		F10 /* Assets.xcassets */ = {isa = PBXFileReference; lastKnownFileType = folder.assetcatalog; path = Assets.xcassets; sourceTree = "<group>"; };
		F11SUB /* Voxx.xcdatamodel */ = {isa = PBXFileReference; lastKnownFileType = wrapper.xcdatamodel; path = Voxx.xcdatamodel; sourceTree = "<group>"; };
		F12 /* Info.plist */ = {isa = PBXFileReference; lastKnownFileType = text.plist.xml; path = Info.plist; sourceTree = "<group>"; };
		F13 /* AudioPlayerManager.swift */ = {isa = PBXFileReference; lastKnownFileType = sourcecode.swift; path = AudioPlayerManager.swift; sourceTree = "<group>"; };
		F14 /* IntegrationManager.swift */ = {isa = PBXFileReference; lastKnownFileType = sourcecode.swift; path = IntegrationManager.swift; sourceTree = "<group>"; };
		F15 /* ErrorManager.swift */ = {isa = PBXFileReference; lastKnownFileType = sourcecode.swift; path = ErrorManager.swift; sourceTree = "<group>"; };
		F16 /* OpenAIManager.swift */ = {isa = PBXFileReference; lastKnownFileType = sourcecode.swift; path = OpenAIManager.swift; sourceTree = "<group>"; };
		F17 /* Config.swift */ = {isa = PBXFileReference; lastKnownFileType = sourcecode.swift; path = Config.swift; sourceTree = "<group>"; };
		F18 /* CategoryManager.swift */ = {isa = PBXFileReference; lastKnownFileType = sourcecode.swift; path = CategoryManager.swift; sourceTree = "<group>"; };
		F19 /* TagManager.swift */ = {isa = PBXFileReference; lastKnownFileType = sourcecode.swift; path = TagManager.swift; sourceTree = "<group>"; };
		F20 /* EntryDetailsViewController.swift */ = {isa = PBXFileReference; lastKnownFileType = sourcecode.swift; path = EntryDetailsViewController.swift; sourceTree = "<group>"; };
/* End PBXFileReference section */

/* Begin PBXFrameworksBuildPhase section */
		FWKS /* Frameworks */ = {
			isa = PBXFrameworksBuildPhase;
			buildActionMask = 2147483647;
			files = (
			);
			runOnlyForDeploymentPostprocessing = 0;
		};
/* End PBXFrameworksBuildPhase section */

/* Begin PBXGroup section */
		PRODS /* Products */ = {
			isa = PBXGroup;
			children = (
				APP /* Voxx.app */,
			);
			name = Products;
			sourceTree = "<group>";
		};
		ROOT = {
			isa = PBXGroup;
			children = (
				VOXX /* Voxx */,
				PRODS /* Products */,
			);
			sourceTree = "<group>";
		};
		VOXX /* Voxx */ = {
			isa = PBXGroup;
			children = (
				F01 /* AppDelegate.swift */,
				F02 /* SceneDelegate.swift */,
				F03 /* ViewController.swift */,
				F04 /* DataManager.swift */,
				F05 /* AudioSessionManager.swift */,
				F06 /* AudioRecordingManager.swift */,
				F07 /* AudioFileManager.swift */,
				F13 /* AudioPlayerManager.swift */,
				F14 /* IntegrationManager.swift */,
				F15 /* ErrorManager.swift */,
				F16 /* OpenAIManager.swift */,
				F17 /* Config.swift */,
				F18 /* CategoryManager.swift */,
				F19 /* TagManager.swift */,
				F20 /* EntryDetailsViewController.swift */,
				F08 /* Main.storyboard */,
				F09 /* LaunchScreen.storyboard */,
				F10 /* Assets.xcassets */,
				F11 /* Voxx.xcdatamodeld */,
				F12 /* Info.plist */,
			);
			path = Voxx;
			sourceTree = "<group>";
		};
/* End PBXGroup section */

/* Begin PBXNativeTarget section */
		TGT /* Voxx */ = {
			isa = PBXNativeTarget;
			buildConfigurationList = CFGS /* Build configuration list for PBXNativeTarget "Voxx" */;
			buildPhases = (
				SRCS /* Sources */,
				FWKS /* Frameworks */,
				RSRC /* Resources */,
			);
			buildRules = (
			);
			dependencies = (
			);
			name = Voxx;
			productName = Voxx;
			productReference = APP /* Voxx.app */;
			productType = "com.apple.product-type.application";
		};
/* End PBXNativeTarget section */

/* Begin PBXProject section */
		PROJ /* Project object */ = {
			isa = PBXProject;
			attributes = {
				BuildIndependentTargetsInParallel = 1;
				LastSwiftUpdateCheck = 1500;
				LastUpgradeCheck = 1500;
				TargetAttributes = {
					TGT = {
						CreatedOnToolsVersion = 15.0;
					};
				};
			};
			buildConfigurationList = PCFGS /* Build configuration list for PBXProject "Voxx" */;
			compatibilityVersion = "Xcode 14.0";
			developmentRegion = en;
			hasScannedForEncodings = 0;
			knownRegions = (
				en,
				Base,
			);
			mainGroup = ROOT;
			productRefGroup = PRODS /* Products */;
			projectDirPath = "";
			projectRoot = "";
			targets = (
				TGT /* Voxx */,
			);
		};
/* End PBXProject section */

/* Begin PBXResourcesBuildPhase section */
		RSRC /* Resources */ = {
			isa = PBXResourcesBuildPhase;
			buildActionMask = 2147483647;
			files = (
				C08 /* Main.storyboard in Resources */,
				C09 /* LaunchScreen.storyboard in Resources */,
				C10 /* Assets.xcassets in Resources */,
			);
			runOnlyForDeploymentPostprocessing = 0;
		};
/* End PBXResourcesBuildPhase section */

/* Begin PBXSourcesBuildPhase section */
		SRCS /* Sources */ = {
			isa = PBXSourcesBuildPhase;
			buildActionMask = 2147483647;
			files = (
				C01 /* AppDelegate.swift in Sources */,
				C02 /* SceneDelegate.swift in Sources */,
				C03 /* ViewController.swift in Sources */,
				C04 /* DataManager.swift in Sources */,
				C05 /* AudioSessionManager.swift in Sources */,
				C06 /* AudioRecordingManager.swift in Sources */,
				C07 /* AudioFileManager.swift in Sources */,
				C12 /* AudioPlayerManager.swift in Sources */,
				C13 /* IntegrationManager.swift in Sources */,
				C14 /* ErrorManager.swift in Sources */,
				C15 /* OpenAIManager.swift in Sources */,
				C16 /* Config.swift in Sources */,
				C17 /* CategoryManager.swift in Sources */,
				C18 /* TagManager.swift in Sources */,
				C19 /* EntryDetailsViewController.swift in Sources */,
				C11 /* Voxx.xcdatamodeld in Sources */,
			);
			runOnlyForDeploymentPostprocessing = 0;
		};
/* End PBXSourcesBuildPhase section */

/* Begin XCBuildConfiguration section */
		DBG /* Debug */ = {
			isa = XCBuildConfiguration;
			buildSettings = {
				ALWAYS_SEARCH_USER_PATHS = NO;
				CLANG_ANALYZER_NONNULL = YES;
				CLANG_ANALYZER_NUMBER_OBJECT_CONVERSION = YES_AGGRESSIVE;
				CLANG_CXX_LANGUAGE_STANDARD = "gnu++20";
				CLANG_ENABLE_MODULES = YES;
				CLANG_ENABLE_OBJC_ARC = YES;
				CLANG_ENABLE_OBJC_WEAK = YES;
				CLANG_WARN_BLOCK_CAPTURE_AUTORELEASING = YES;
				CLANG_WARN_BOOL_CONVERSION = YES;
				CLANG_WARN_COMMA = YES;
				CLANG_WARN_CONSTANT_CONVERSION = YES;
				CLANG_WARN_DEPRECATED_OBJC_IMPLEMENTATIONS = YES;
				CLANG_WARN_DIRECT_OBJC_ISA_USAGE = YES_ERROR;
				CLANG_WARN_DOCUMENTATION_COMMENTS = YES;
				CLANG_WARN_EMPTY_BODY = YES;
				CLANG_WARN_ENUM_CONVERSION = YES;
				CLANG_WARN_INFINITE_RECURSION = YES;
				CLANG_WARN_INT_CONVERSION = YES;
				CLANG_WARN_NON_LITERAL_NULL_CONVERSION = YES;
				CLANG_WARN_OBJC_IMPLICIT_RETAIN_SELF = YES;
				CLANG_WARN_OBJC_LITERAL_CONVERSION = YES;
				CLANG_WARN_OBJC_ROOT_CLASS = YES_ERROR;
				CLANG_WARN_QUOTED_INCLUDE_IN_FRAMEWORK_HEADER = YES;
				CLANG_WARN_RANGE_LOOP_ANALYSIS = YES;
				CLANG_WARN_STRICT_PROTOTYPES = YES;
				CLANG_WARN_SUSPICIOUS_MOVE = YES;
				CLANG_WARN_UNGUARDED_AVAILABILITY = YES_AGGRESSIVE;
				CLANG_WARN_UNREACHABLE_CODE = YES;
				CLANG_WARN__DUPLICATE_METHOD_MATCH = YES;
				COPY_PHASE_STRIP = NO;
				DEBUG_INFORMATION_FORMAT = dwarf;
				ENABLE_STRICT_OBJC_MSGSEND = YES;
				ENABLE_TESTABILITY = YES;
				GCC_C_LANGUAGE_STANDARD = gnu17;
				GCC_DYNAMIC_NO_PIC = NO;
				GCC_NO_COMMON_BLOCKS = YES;
				GCC_OPTIMIZATION_LEVEL = 0;
				GCC_PREPROCESSOR_DEFINITIONS = (
					"DEBUG=1",
					"$(inherited)",
				);
				GCC_WARN_64_TO_32_BIT_CONVERSION = YES;
				GCC_WARN_ABOUT_RETURN_TYPE = YES_ERROR;
				GCC_WARN_UNDECLARED_SELECTOR = YES;
				GCC_WARN_UNINITIALIZED_AUTOS = YES_AGGRESSIVE;
				GCC_WARN_UNUSED_FUNCTION = YES;
				GCC_WARN_UNUSED_VARIABLE = YES;
				IPHONEOS_DEPLOYMENT_TARGET = 15.0;
				MTL_ENABLE_DEBUG_INFO = INCLUDE_SOURCE;
				MTL_FAST_MATH = YES;
				ONLY_ACTIVE_ARCH = YES;
				SDKROOT = iphoneos;
				SWIFT_ACTIVE_COMPILATION_CONDITIONS = "DEBUG $(inherited)";
				SWIFT_OPTIMIZATION_LEVEL = "-Onone";
			};
			name = Debug;
		};
		REL /* Release */ = {
			isa = XCBuildConfiguration;
			buildSettings = {
				ALWAYS_SEARCH_USER_PATHS = NO;
				CLANG_ANALYZER_NONNULL = YES;
				CLANG_ANALYZER_NUMBER_OBJECT_CONVERSION = YES_AGGRESSIVE;
				CLANG_CXX_LANGUAGE_STANDARD = "gnu++20";
				CLANG_ENABLE_MODULES = YES;
				CLANG_ENABLE_OBJC_ARC = YES;
				CLANG_ENABLE_OBJC_WEAK = YES;
				CLANG_WARN_BLOCK_CAPTURE_AUTORELEASING = YES;
				CLANG_WARN_BOOL_CONVERSION = YES;
				CLANG_WARN_COMMA = YES;
				CLANG_WARN_CONSTANT_CONVERSION = YES;
				CLANG_WARN_DEPRECATED_OBJC_IMPLEMENTATIONS = YES;
				CLANG_WARN_DIRECT_OBJC_ISA_USAGE = YES_ERROR;
				CLANG_WARN_DOCUMENTATION_COMMENTS = YES;
				CLANG_WARN_EMPTY_BODY = YES;
				CLANG_WARN_ENUM_CONVERSION = YES;
				CLANG_WARN_INFINITE_RECURSION = YES;
				CLANG_WARN_INT_CONVERSION = YES;
				CLANG_WARN_NON_LITERAL_NULL_CONVERSION = YES;
				CLANG_WARN_OBJC_IMPLICIT_RETAIN_SELF = YES;
				CLANG_WARN_OBJC_LITERAL_CONVERSION = YES;
				CLANG_WARN_OBJC_ROOT_CLASS = YES_ERROR;
				CLANG_WARN_QUOTED_INCLUDE_IN_FRAMEWORK_HEADER = YES;
				CLANG_WARN_RANGE_LOOP_ANALYSIS = YES;
				CLANG_WARN_STRICT_PROTOTYPES = YES;
				CLANG_WARN_SUSPICIOUS_MOVE = YES;
				CLANG_WARN_UNGUARDED_AVAILABILITY = YES_AGGRESSIVE;
				CLANG_WARN_UNREACHABLE_CODE = YES;
				CLANG_WARN__DUPLICATE_METHOD_MATCH = YES;
				COPY_PHASE_STRIP = NO;
				DEBUG_INFORMATION_FORMAT = "dwarf-with-dsym";
				ENABLE_NS_ASSERTIONS = NO;
				ENABLE_STRICT_OBJC_MSGSEND = YES;
				GCC_C_LANGUAGE_STANDARD = gnu17;
				GCC_NO_COMMON_BLOCKS = YES;
				GCC_WARN_64_TO_32_BIT_CONVERSION = YES;
				GCC_WARN_ABOUT_RETURN_TYPE = YES_ERROR;
				GCC_WARN_UNDECLARED_SELECTOR = YES;
				GCC_WARN_UNINITIALIZED_AUTOS = YES_AGGRESSIVE;
				GCC_WARN_UNUSED_FUNCTION = YES;
				GCC_WARN_UNUSED_VARIABLE = YES;
				IPHONEOS_DEPLOYMENT_TARGET = 15.0;
				MTL_ENABLE_DEBUG_INFO = NO;
				MTL_FAST_MATH = YES;
				SDKROOT = iphoneos;
				SWIFT_COMPILATION_MODE = wholemodule;
				VALIDATE_PRODUCT = YES;
			};
			name = Release;
		};
		TDBG /* Debug */ = {
			isa = XCBuildConfiguration;
			buildSettings = {
				ASSETCATALOG_COMPILER_APPICON_NAME = AppIcon;
				ASSETCATALOG_COMPILER_GLOBAL_ACCENT_COLOR_NAME = AccentColor;
				CODE_SIGN_STYLE = Automatic;
				CURRENT_PROJECT_VERSION = 1;
				DEVELOPMENT_TEAM = 5PWBM46C6G;
				INFOPLIST_FILE = Voxx/Info.plist;
				INFOPLIST_KEY_NSMicrophoneUsageDescription = "Voxx needs microphone access to record your voice journal entries.";
				INFOPLIST_KEY_UIApplicationSupportsIndirectInputEvents = YES;
				INFOPLIST_KEY_UILaunchStoryboardName = LaunchScreen;
				INFOPLIST_KEY_UIMainStoryboardFile = Main;
				INFOPLIST_KEY_UISupportedInterfaceOrientations_iPhone = "UIInterfaceOrientationPortrait UIInterfaceOrientationLandscapeLeft UIInterfaceOrientationLandscapeRight";
				IPHONEOS_DEPLOYMENT_TARGET = 15.0;
				LD_RUNPATH_SEARCH_PATHS = (
					"$(inherited)",
					"@executable_path/Frameworks",
				);
				MARKETING_VERSION = 0.1.0;
				PRODUCT_BUNDLE_IDENTIFIER = com.voxx.voice.journal;
				PRODUCT_NAME = "$(TARGET_NAME)";
				SWIFT_EMIT_LOC_STRINGS = YES;
				SWIFT_VERSION = 5.0;
				TARGETED_DEVICE_FAMILY = "1,2";
			};
			name = Debug;
		};
		TREL /* Release */ = {
			isa = XCBuildConfiguration;
			buildSettings = {
				ASSETCATALOG_COMPILER_APPICON_NAME = AppIcon;
				ASSETCATALOG_COMPILER_GLOBAL_ACCENT_COLOR_NAME = AccentColor;
				CODE_SIGN_STYLE = Automatic;
				CURRENT_PROJECT_VERSION = 1;
				DEVELOPMENT_TEAM = 5PWBM46C6G;
				INFOPLIST_FILE = Voxx/Info.plist;
				INFOPLIST_KEY_NSMicrophoneUsageDescription = "Voxx needs microphone access to record your voice journal entries.";
				INFOPLIST_KEY_UIApplicationSupportsIndirectInputEvents = YES;
				INFOPLIST_KEY_UILaunchStoryboardName = LaunchScreen;
				INFOPLIST_KEY_UIMainStoryboardFile = Main;
				INFOPLIST_KEY_UISupportedInterfaceOrientations_iPhone = "UIInterfaceOrientationPortrait UIInterfaceOrientationLandscapeLeft UIInterfaceOrientationLandscapeRight";
				IPHONEOS_DEPLOYMENT_TARGET = 15.0;
				LD_RUNPATH_SEARCH_PATHS = (
					"$(inherited)",
					"@executable_path/Frameworks",
				);
				MARKETING_VERSION = 0.1.0;
				PRODUCT_BUNDLE_IDENTIFIER = com.voxx.voice.journal;
				PRODUCT_NAME = "$(TARGET_NAME)";
				SWIFT_EMIT_LOC_STRINGS = YES;
				SWIFT_VERSION = 5.0;
				TARGETED_DEVICE_FAMILY = "1,2";
			};
			name = Release;
		};
/* End XCBuildConfiguration section */

/* Begin XCConfigurationList section */
		CFGS /* Build configuration list for PBXNativeTarget "Voxx" */ = {
			isa = XCConfigurationList;
			buildConfigurations = (
				TDBG /* Debug */,
				TREL /* Release */,
			);
			defaultConfigurationIsVisible = 0;
			defaultConfigurationName = Release;
		};
		PCFGS /* Build configuration list for PBXProject "Voxx" */ = {
			isa = XCConfigurationList;
			buildConfigurations = (
				DBG /* Debug */,
				REL /* Release */,
			);
			defaultConfigurationIsVisible = 0;
			defaultConfigurationName = Release;
		};
/* End XCConfigurationList section */

/* Begin XCVersionGroup section */
		F11 /* Voxx.xcdatamodeld */ = {
			isa = XCVersionGroup;
			children = (
				F11SUB /* Voxx.xcdatamodel */,
			);
			currentVersion = F11SUB /* Voxx.xcdatamodel */;
			path = Voxx.xcdatamodeld;
			sourceTree = "<group>";
			versionGroupType = wrapper.xcdatamodel;
		};
/* End XCVersionGroup section */
	};
	rootObject = PROJ /* Project object */;
}
